{
  "name": "tab-tuck",
  "version": "1.0.0",
  "lockfileVersion": 3,
  "requires": true,
  "packages": {
    "": {
      "name": "tab-tuck",
      "version": "1.0.0",
      "license": "ISC",
      "devDependencies": {
        "chrome-types": "^0.1.348"
      }
    },
    "node_modules/chrome-types": {
      "version": "0.1.348",
      "resolved": "https://registry.npmjs.org/chrome-types/-/chrome-types-0.1.348.tgz",
      "integrity": "sha512-7+GhCv+H+EakXgLh3DFoMWX2EAo9sfC3QHXP9zHQ62dPqJHMcjgEV1ihwHzkb6onocnH1JLyf3tC3tHqOpigDQ==",
      "dev": true,
      "license": "Apache-2.0"
    }
  }
}
